# This file is autogenerated, do not edit; changes may be undone by the next 'dep ensure'.


[[projects]]
  digest = "1:fc4f149402c1fa7258290c3f91b0bfbc709763f3d3899609a2e4a0163dec65c6"
  name = "github.com/bwmarrin/discordgo"
  packages = ["."]
  pruneopts = "UT"
  revision = "8325a6bf6dd6c91ed4040a1617b07287b8fb0eba"
  version = "v0.19.0"

[[projects]]
  branch = "master"
  digest = "1:ca1bfe03324601a4bd42482a331449c5f387ac014376b55515910ec3295ea15c"
  name = "github.com/bwmarrin/snowflake"
  packages = ["."]
  pruneopts = "UT"
  revision = "68117e6bbede4dd72d70c7a58d73348ead068509"

[[projects]]
  branch = "master"
  digest = "1:76c96b727b19646645c47ef8dcf42fe0ab7865d451a0973a3a89e69642ce368c"
  name = "github.com/generaltso/sadbox"
  packages = ["color"]
  pruneopts = "UT"
  revision = "27893f92b8ce8ff6fe913af4422216027fe5a4a7"

[[projects]]
  digest = "1:188b8fb3e9ea3a3dab7f8a8a1a52eec58d4d0774f83f2064073d01c73d8279d2"
  name = "github.com/generaltso/vibrant"
  packages = ["."]
  pruneopts = "UT"
  revision = "563623b97aee86e824ca3d720304fdeda5d92b9c"
  version = "v1.1"

[[projects]]
  digest = "1:ec6f9bf5e274c833c911923c9193867f3f18788c461f76f05f62bb1510e0ae65"
  name = "github.com/go-sql-driver/mysql"
  packages = ["."]
  pruneopts = "UT"
  revision = "72cd26f257d44c1114970e19afddcd812016007e"
  version = "v1.4.1"

[[projects]]
  digest = "1:7b5c6e2eeaa9ae5907c391a91c132abfd5c9e8a784a341b5625e750c67e6825d"
  name = "github.com/gorilla/websocket"
  packages = ["."]
  pruneopts = "UT"
  revision = "66b9c49e59c6c48f0ffce28c2d8b8a5678502c6d"
  version = "v1.4.0"

[[projects]]
  digest = "1:4a49346ca45376a2bba679ca0e83bec949d780d4e927931317904bad482943ec"
  name = "github.com/mattn/go-sqlite3"
  packages = ["."]
  pruneopts = "UT"
  revision = "c7c4067b79cc51e6dfdcef5c702e74b1e0fa7c75"
  version = "v1.10.0"

[[projects]]
  branch = "master"
  digest = "1:34534b73e925d20cc72cf202f8b482fdcbe3a1b113e19375f31aadabd0f0f97d"
  name = "github.com/nfnt/resize"
  packages = ["."]
  pruneopts = "UT"
  revision = "83c6a9932646f83e3267f353373d47347b6036b2"

[[projects]]
  digest = "1:5b3b29ce0e569f62935d9541dff2e16cc09df981ebde48e82259076a73a3d0c7"
  name = "github.com/op/go-logging"
  packages = ["."]
  pruneopts = "UT"
  revision = "b2cb9fa56473e98db8caba80237377e83fe44db5"
  version = "v1"

[[projects]]
  branch = "master"
  digest = "1:dc364a474e3db5f7691cabafc84f3b1321f18defd50077f18ed4ffe859dcf4b4"
  name = "github.com/zekroTJA/timedmap"
  packages = ["."]
  pruneopts = "UT"
  revision = "315e6aab978cd16f443fea1be1586f55b4dd5247"

[[projects]]
  branch = "master"
  digest = "1:a68068595227881a09dd5961976ddf705c8eea822dcd1c7b57bbb0067335ad32"
  name = "golang.org/x/crypto"
  packages = [
    "internal/subtle",
    "nacl/secretbox",
    "poly1305",
    "salsa20/salsa",
  ]
  pruneopts = "UT"
  revision = "74369b46fc6756741c016591724fd1cb8e26845f"

[[projects]]
  digest = "1:c25289f43ac4a68d88b02245742347c94f1e108c534dda442188015ff80669b3"
  name = "google.golang.org/appengine"
  packages = ["cloudsql"]
  pruneopts = "UT"
  revision = "e9657d882bb81064595ca3b56cbe2546bbabf7b1"
  version = "v1.4.0"

[[projects]]
  digest = "1:4d2e5a73dc1500038e504a8d78b986630e3626dc027bc030ba5c75da257cdb96"
  name = "gopkg.in/yaml.v2"
  packages = ["."]
  pruneopts = "UT"
  revision = "51d6538a90f86fe93ac480b35f37b2be17fef232"
  version = "v2.2.2"

[solve-meta]
  analyzer-name = "dep"
  analyzer-version = 1
  input-imports = [
    "github.com/bwmarrin/discordgo",
    "github.com/bwmarrin/snowflake",
    "github.com/generaltso/vibrant",
    "github.com/go-sql-driver/mysql",
    "github.com/mattn/go-sqlite3",
    "github.com/op/go-logging",
    "github.com/zekroTJA/timedmap",
    "gopkg.in/yaml.v2",
  ]
  solver-name = "gps-cdcl"
  solver-version = 1
