# This file is autogenerated, do not edit; changes may be undone by the next 'dep ensure'.


[[projects]]
  digest = "1:fc4f149402c1fa7258290c3f91b0bfbc709763f3d3899609a2e4a0163dec65c6"
  name = "github.com/bwmarrin/discordgo"
  packages = ["."]
  pruneopts = "UT"
  revision = "8325a6bf6dd6c91ed4040a1617b07287b8fb0eba"
  version = "v0.19.0"

[[projects]]
  branch = "master"
  digest = "1:f7a60a9a34d95c74663ac464efad61c7162c9ebb1ecbf43d7ebb5e0968466213"
  name = "github.com/bwmarrin/snowflake"
  packages = ["."]
  pruneopts = "UT"
  revision = "c09e69ae59935edf6d85799e858c26de86b04cb3"

[[projects]]
  branch = "master"
  digest = "1:76c96b727b19646645c47ef8dcf42fe0ab7865d451a0973a3a89e69642ce368c"
  name = "github.com/generaltso/sadbox"
  packages = ["color"]
  pruneopts = "UT"
  revision = "27893f92b8ce8ff6fe913af4422216027fe5a4a7"

[[projects]]
  digest = "1:188b8fb3e9ea3a3dab7f8a8a1a52eec58d4d0774f83f2064073d01c73d8279d2"
  name = "github.com/generaltso/vibrant"
  packages = ["."]
  pruneopts = "UT"
  revision = "563623b97aee86e824ca3d720304fdeda5d92b9c"
  version = "v1.1"

[[projects]]
  digest = "1:ec6f9bf5e274c833c911923c9193867f3f18788c461f76f05f62bb1510e0ae65"
  name = "github.com/go-sql-driver/mysql"
  packages = ["."]
  pruneopts = "UT"
  revision = "72cd26f257d44c1114970e19afddcd812016007e"
  version = "v1.4.1"

[[projects]]
  digest = "1:7b5c6e2eeaa9ae5907c391a91c132abfd5c9e8a784a341b5625e750c67e6825d"
  name = "github.com/gorilla/websocket"
  packages = ["."]
  pruneopts = "UT"
  revision = "66b9c49e59c6c48f0ffce28c2d8b8a5678502c6d"
  version = "v1.4.0"

[[projects]]
  digest = "1:823dc0f8e4cdad8d91e6aba4cdd985a035596a8aa02e9d2abf1bec347894c41f"
  name = "github.com/klauspost/compress"
  packages = [
    "flate",
    "gzip",
    "zlib",
  ]
  pruneopts = "UT"
  revision = "23256797d1e4ccac36fad828362cdfef5b3aeb90"
  version = "v1.7.4"

[[projects]]
  digest = "1:923c4d7194b42e054b2eb8a6c62824ac55e23ececc1c7e48d4da69c971c55954"
  name = "github.com/klauspost/cpuid"
  packages = ["."]
  pruneopts = "UT"
  revision = "05a8198c0f5a27739aec358908d7e12c64ce6eb7"
  version = "v1.2.1"

[[projects]]
  digest = "1:79e87abf06b873987dee86598950f5b51732ac454d5a5cab6445a14330e6c9e3"
  name = "github.com/mattn/go-sqlite3"
  packages = ["."]
  pruneopts = "UT"
  revision = "b612a2feea6aa87c6d052d9086572551df06497e"
  version = "v1.11.0"

[[projects]]
  branch = "master"
  digest = "1:34534b73e925d20cc72cf202f8b482fdcbe3a1b113e19375f31aadabd0f0f97d"
  name = "github.com/nfnt/resize"
  packages = ["."]
  pruneopts = "UT"
  revision = "83c6a9932646f83e3267f353373d47347b6036b2"

[[projects]]
  digest = "1:5b3b29ce0e569f62935d9541dff2e16cc09df981ebde48e82259076a73a3d0c7"
  name = "github.com/op/go-logging"
  packages = ["."]
  pruneopts = "UT"
  revision = "b2cb9fa56473e98db8caba80237377e83fe44db5"
  version = "v1"

[[projects]]
  branch = "master"
  digest = "1:d6efa822e9b1e35da4653e912128933143d37d2358eebe2b35c1a5f60e028bd0"
  name = "github.com/qiangxue/fasthttp-routing"
  packages = ["."]
  pruneopts = "UT"
  revision = "6ccdc2a18d8712f842de50ddcb8c9a3d025ddc71"

[[projects]]
  digest = "1:c468422f334a6b46a19448ad59aaffdfc0a36b08fdcc1c749a0b29b6453d7e59"
  name = "github.com/valyala/bytebufferpool"
  packages = ["."]
  pruneopts = "UT"
  revision = "e746df99fe4a3986f4d4f79e13c1e0117ce9c2f7"
  version = "v1.0.0"

[[projects]]
  digest = "1:15ad8a80098fcc7a194b9db6b26d74072a852e4faa957848c8118193d3c69230"
  name = "github.com/valyala/fasthttp"
  packages = [
    ".",
    "fasthttputil",
    "stackless",
  ]
  pruneopts = "UT"
  revision = "e5f51c11919d4f66400334047b897ef0a94c6f3c"
  version = "v20180529"

[[projects]]
  branch = "master"
  digest = "1:1df446de680c06291652db165a18d90bc8f4c45c977ed14caf2e01f75f489720"
  name = "github.com/zekroTJA/ratelimit"
  packages = ["."]
  pruneopts = "UT"
  revision = "219ca33049a5eca0248c92c9641e318276aeb61c"

[[projects]]
  branch = "master"
  digest = "1:c2e7ff2572bbe0c1982f2c9bfc1c6def863b5bf43b84012bd627382fa287c7bd"
  name = "github.com/zekroTJA/timedmap"
  packages = ["."]
  pruneopts = "UT"
  revision = "8fefa6c9e7e6afedd5e19fe9973ceaa4e00322e0"

[[projects]]
  branch = "master"
  digest = "1:e29c6fd0d02e2eef9fe4594b8baaf884ed54c03fd3b2d465a416a9cb49d6c609"
  name = "golang.org/x/crypto"
  packages = [
    "internal/subtle",
    "nacl/secretbox",
    "poly1305",
    "salsa20/salsa",
  ]
  pruneopts = "UT"
  revision = "4def268fd1a49955bfb3dda92fe3db4f924f2285"

[[projects]]
  branch = "master"
  digest = "1:9289797869517c73400e7b5a93beefbfc86e06f56e3ab03f38fb0d575e685277"
  name = "golang.org/x/sys"
  packages = ["cpu"]
  pruneopts = "UT"
  revision = "cbf593c0f2f39034e9104bbf77e2ec7c48c98fc5"

[[projects]]
  branch = "master"
  digest = "1:9fdc2b55e8e0fafe4b41884091e51e77344f7dc511c5acedcfd98200003bff90"
  name = "golang.org/x/time"
  packages = ["rate"]
  pruneopts = "UT"
  revision = "9d24e82272b4f38b78bc8cff74fa936d31ccd8ef"

[[projects]]
  digest = "1:c25289f43ac4a68d88b02245742347c94f1e108c534dda442188015ff80669b3"
  name = "google.golang.org/appengine"
  packages = ["cloudsql"]
  pruneopts = "UT"
  revision = "b2f4a3cf3c67576a2ee09e1fe62656a5086ce880"
  version = "v1.6.1"

[[projects]]
  digest = "1:4d2e5a73dc1500038e504a8d78b986630e3626dc027bc030ba5c75da257cdb96"
  name = "gopkg.in/yaml.v2"
  packages = ["."]
  pruneopts = "UT"
  revision = "51d6538a90f86fe93ac480b35f37b2be17fef232"
  version = "v2.2.2"

[solve-meta]
  analyzer-name = "dep"
  analyzer-version = 1
  input-imports = [
    "github.com/bwmarrin/discordgo",
    "github.com/bwmarrin/snowflake",
    "github.com/generaltso/vibrant",
    "github.com/go-sql-driver/mysql",
    "github.com/mattn/go-sqlite3",
    "github.com/op/go-logging",
    "github.com/qiangxue/fasthttp-routing",
    "github.com/valyala/fasthttp",
    "github.com/zekroTJA/ratelimit",
    "github.com/zekroTJA/timedmap",
    "golang.org/x/time/rate",
    "gopkg.in/yaml.v2",
  ]
  solver-name = "gps-cdcl"
  solver-version = 1
