# THIS IS AN AUTOGENERATED FILE. DO NOT EDIT THIS FILE DIRECTLY.
# yarn lockfile v1


react-spinners@^0.13.8:
  version "0.13.8"
  resolved "https://registry.yarnpkg.com/react-spinners/-/react-spinners-0.13.8.tgz#5262571be0f745d86bbd49a1e6b49f9f9cb19acc"
  integrity sha512-3e+k56lUkPj0vb5NDXPVFAOkPC//XyhKPJjvcGjyMNPWsBKpplfeyialP74G7H7+It7KzhtET+MvGqbKgAqpZA==
